// !$*UTF8*$!
{
	archiveVersion = 1;
	classes = {
	};
	objectVersion = 50;
	objects = {

/* Begin PBXBuildFile section */
		739CD02723D3D0D8006ECA28 /* AppDelegate.swift in Sources */ = {isa = PBXBuildFile; fileRef = 739CD02623D3D0D8006ECA28 /* AppDelegate.swift */; };
		739CD02923D3D0D8006ECA28 /* ViewController.swift in Sources */ = {isa = PBXBuildFile; fileRef = 739CD02823D3D0D8006ECA28 /* ViewController.swift */; };
		739CD02C23D3D0D8006ECA28 /* Main.storyboard in Resources */ = {isa = PBXBuildFile; fileRef = 739CD02A23D3D0D8006ECA28 /* Main.storyboard */; };
		739CD02E23D3D0D9006ECA28 /* Assets.xcassets in Resources */ = {isa = PBXBuildFile; fileRef = 739CD02D23D3D0D9006ECA28 /* Assets.xcassets */; };
		739CD03123D3D0D9006ECA28 /* LaunchScreen.storyboard in Resources */ = {isa = PBXBuildFile; fileRef = 739CD02F23D3D0D9006ECA28 /* LaunchScreen.storyboard */; };
/* End PBXBuildFile section */

/* Begin PBXFileReference section */
		739CD02323D3D0D8006ECA28 /* RecipeBookApp-FLAVOUR.app */ = {isa = PBXFileReference; explicitFileType = wrapper.application; includeInIndex = 0; path = "RecipeBookApp-FLAVOUR.app"; sourceTree = BUILT_PRODUCTS_DIR; };
		739CD02623D3D0D8006ECA28 /* AppDelegate.swift */ = {isa = PBXFileReference; lastKnownFileType = sourcecode.swift; path = AppDelegate.swift; sourceTree = "<group>"; };
		739CD02823D3D0D8006ECA28 /* ViewController.swift */ = {isa = PBXFileReference; lastKnownFileType = sourcecode.swift; path = ViewController.swift; sourceTree = "<group>"; };
		739CD02B23D3D0D8006ECA28 /* Base */ = {isa = PBXFileReference; lastKnownFileType = file.storyboard; name = Base; path = Base.lproj/Main.storyboard; sourceTree = "<group>"; };
		739CD02D23D3D0D9006ECA28 /* Assets.xcassets */ = {isa = PBXFileReference; lastKnownFileType = folder.assetcatalog; path = Assets.xcassets; sourceTree = "<group>"; };
		739CD03023D3D0D9006ECA28 /* Base */ = {isa = PBXFileReference; lastKnownFileType = file.storyboard; name = Base; path = Base.lproj/LaunchScreen.storyboard; sourceTree = "<group>"; };
		739CD03223D3D0D9006ECA28 /* Info.plist */ = {isa = PBXFileReference; lastKnownFileType = text.plist.xml; path = Info.plist; sourceTree = "<group>"; };
/* End PBXFileReference section */

/* Begin PBXFrameworksBuildPhase section */
		739CD02023D3D0D8006ECA28 /* Frameworks */ = {
			isa = PBXFrameworksBuildPhase;
			buildActionMask = 2147483647;
			files = (
			);
			runOnlyForDeploymentPostprocessing = 0;
		};
/* End PBXFrameworksBuildPhase section */

/* Begin PBXGroup section */
		739CD01A23D3D0D8006ECA28 = {
			isa = PBXGroup;
			children = (
				739CD02523D3D0D8006ECA28 /* RecipeBookApp-FLAVOUR */,
				739CD02423D3D0D8006ECA28 /* Products */,
			);
			sourceTree = "<group>";
		};
		739CD02423D3D0D8006ECA28 /* Products */ = {
			isa = PBXGroup;
			children = (
				739CD02323D3D0D8006ECA28 /* RecipeBookApp-FLAVOUR.app */,
			);
			name = Products;
			sourceTree = "<group>";
		};
		739CD02523D3D0D8006ECA28 /* RecipeBookApp-FLAVOUR */ = {
			isa = PBXGroup;
			children = (
				739CD02623D3D0D8006ECA28 /* AppDelegate.swift */,
				739CD02823D3D0D8006ECA28 /* ViewController.swift */,
				739CD02A23D3D0D8006ECA28 /* Main.storyboard */,
				739CD02D23D3D0D9006ECA28 /* Assets.xcassets */,
				739CD02F23D3D0D9006ECA28 /* LaunchScreen.storyboard */,
				739CD03223D3D0D9006ECA28 /* Info.plist */,
			);
			path = "RecipeBookApp-FLAVOUR";
			sourceTree = "<group>";
		};
/* End PBXGroup section */

/* Begin PBXNativeTarget section */
		739CD02223D3D0D8006ECA28 /* RecipeBookApp-FLAVOUR */ = {
			isa = PBXNativeTarget;
			buildConfigurationList = 739CD03523D3D0D9006ECA28 /* Build configuration list for PBXNativeTarget "RecipeBookApp-FLAVOUR" */;
			buildPhases = (
				739CD01F23D3D0D8006ECA28 /* Sources */,
				739CD02023D3D0D8006ECA28 /* Frameworks */,
				739CD02123D3D0D8006ECA28 /* Resources */,
			);
			buildRules = (
			);
			dependencies = (
			);
			name = "RecipeBookApp-FLAVOUR";
			productName = "RecipeBookApp-FLAVOUR";
			productReference = 739CD02323D3D0D8006ECA28 /* RecipeBookApp-FLAVOUR.app */;
			productType = "com.apple.product-type.application";
		};
/* End PBXNativeTarget section */

/* Begin PBXProject section */
		739CD01B23D3D0D8006ECA28 /* Project object */ = {
			isa = PBXProject;
			attributes = {
				LastSwiftUpdateCheck = 1010;
				LastUpgradeCheck = 1010;
				ORGANIZATIONNAME = Mohammed;
				TargetAttributes = {
					739CD02223D3D0D8006ECA28 = {
						CreatedOnToolsVersion = 10.1;
					};
				};
			};
			buildConfigurationList = 739CD01E23D3D0D8006ECA28 /* Build configuration list for PBXProject "RecipeBookApp-FLAVOUR" */;
			compatibilityVersion = "Xcode 9.3";
			developmentRegion = en;
			hasScannedForEncodings = 0;
			knownRegions = (
				en,
				Base,
			);
			mainGroup = 739CD01A23D3D0D8006ECA28;
			productRefGroup = 739CD02423D3D0D8006ECA28 /* Products */;
			projectDirPath = "";
			projectRoot = "";
			targets = (
				739CD02223D3D0D8006ECA28 /* RecipeBookApp-FLAVOUR */,
			);
		};
/* End PBXProject section */

/* Begin PBXResourcesBuildPhase section */
		739CD02123D3D0D8006ECA28 /* Resources */ = {
			isa = PBXResourcesBuildPhase;
			buildActionMask = 2147483647;
			files = (
				739CD03123D3D0D9006ECA28 /* LaunchScreen.storyboard in Resources */,
				739CD02E23D3D0D9006ECA28 /* Assets.xcassets in Resources */,
				739CD02C23D3D0D8006ECA28 /* Main.storyboard in Resources */,
			);
			runOnlyForDeploymentPostprocessing = 0;
		};
/* End PBXResourcesBuildPhase section */

/* Begin PBXSourcesBuildPhase section */
		739CD01F23D3D0D8006ECA28 /* Sources */ = {
			isa = PBXSourcesBuildPhase;
			buildActionMask = 2147483647;
			files = (
				739CD02923D3D0D8006ECA28 /* ViewController.swift in Sources */,
				739CD02723D3D0D8006ECA28 /* AppDelegate.swift in Sources */,
			);
			runOnlyForDeploymentPostprocessing = 0;
		};
/* End PBXSourcesBuildPhase section */

/* Begin PBXVariantGroup section */
		739CD02A23D3D0D8006ECA28 /* Main.storyboard */ = {
			isa = PBXVariantGroup;
			children = (
				739CD02B23D3D0D8006ECA28 /* Base */,
			);
			name = Main.storyboard;
			sourceTree = "<group>";
		};
		739CD02F23D3D0D9006ECA28 /* LaunchScreen.storyboard */ = {
			isa = PBXVariantGroup;
			children = (
				739CD03023D3D0D9006ECA28 /* Base */,
			);
			name = LaunchScreen.storyboard;
			sourceTree = "<group>";
		};
/* End PBXVariantGroup section */

/* Begin XCBuildConfiguration section */
		739CD03323D3D0D9006ECA28 /* Debug */ = {
			isa = XCBuildConfiguration;
			buildSettings = {
				ALWAYS_SEARCH_USER_PATHS = NO;
				CLANG_ANALYZER_NONNULL = YES;
				CLANG_ANALYZER_NUMBER_OBJECT_CONVERSION = YES_AGGRESSIVE;
				CLANG_CXX_LANGUAGE_STANDARD = "gnu++14";
				CLANG_CXX_LIBRARY = "libc++";
				CLANG_ENABLE_MODULES = YES;
				CLANG_ENABLE_OBJC_ARC = YES;
				CLANG_ENABLE_OBJC_WEAK = YES;
				CLANG_WARN_BLOCK_CAPTURE_AUTORELEASING = YES;
				CLANG_WARN_BOOL_CONVERSION = YES;
				CLANG_WARN_COMMA = YES;
				CLANG_WARN_CONSTANT_CONVERSION = YES;
				CLANG_WARN_DEPRECATED_OBJC_IMPLEMENTATIONS = YES;
				CLANG_WARN_DIRECT_OBJC_ISA_USAGE = YES_ERROR;
				CLANG_WARN_DOCUMENTATION_COMMENTS = YES;
				CLANG_WARN_EMPTY_BODY = YES;
				CLANG_WARN_ENUM_CONVERSION = YES;
				CLANG_WARN_INFINITE_RECURSION = YES;
				CLANG_WARN_INT_CONVERSION = YES;
				CLANG_WARN_NON_LITERAL_NULL_CONVERSION = YES;
				CLANG_WARN_OBJC_IMPLICIT_RETAIN_SELF = YES;
				CLANG_WARN_OBJC_LITERAL_CONVERSION = YES;
				CLANG_WARN_OBJC_ROOT_CLASS = YES_ERROR;
				CLANG_WARN_RANGE_LOOP_ANALYSIS = YES;
				CLANG_WARN_STRICT_PROTOTYPES = YES;
				CLANG_WARN_SUSPICIOUS_MOVE = YES;
				CLANG_WARN_UNGUARDED_AVAILABILITY = YES_AGGRESSIVE;
				CLANG_WARN_UNREACHABLE_CODE = YES;
				CLANG_WARN__DUPLICATE_METHOD_MATCH = YES;
				CODE_SIGN_IDENTITY = "iPhone Developer";
				COPY_PHASE_STRIP = NO;
				DEBUG_INFORMATION_FORMAT = dwarf;
				ENABLE_STRICT_OBJC_MSGSEND = YES;
				ENABLE_TESTABILITY = YES;
				GCC_C_LANGUAGE_STANDARD = gnu11;
				GCC_DYNAMIC_NO_PIC = NO;
				GCC_NO_COMMON_BLOCKS = YES;
				GCC_OPTIMIZATION_LEVEL = 0;
				GCC_PREPROCESSOR_DEFINITIONS = (
					"DEBUG=1",
					"$(inherited)",
				);
				GCC_WARN_64_TO_32_BIT_CONVERSION = YES;
				GCC_WARN_ABOUT_RETURN_TYPE = YES_ERROR;
				GCC_WARN_UNDECLARED_SELECTOR = YES;
				GCC_WARN_UNINITIALIZED_AUTOS = YES_AGGRESSIVE;
				GCC_WARN_UNUSED_FUNCTION = YES;
				GCC_WARN_UNUSED_VARIABLE = YES;
				IPHONEOS_DEPLOYMENT_TARGET = 12.1;
				MTL_ENABLE_DEBUG_INFO = INCLUDE_SOURCE;
				MTL_FAST_MATH = YES;
				ONLY_ACTIVE_ARCH = YES;
				SDKROOT = iphoneos;
				SWIFT_ACTIVE_COMPILATION_CONDITIONS = DEBUG;
				SWIFT_OPTIMIZATION_LEVEL = "-Onone";
			};
			name = Debug;
		};
		739CD03423D3D0D9006ECA28 /* Release */ = {
			isa = XCBuildConfiguration;
			buildSettings = {
				ALWAYS_SEARCH_USER_PATHS = NO;
				CLANG_ANALYZER_NONNULL = YES;
				CLANG_ANALYZER_NUMBER_OBJECT_CONVERSION = YES_AGGRESSIVE;
				CLANG_CXX_LANGUAGE_STANDARD = "gnu++14";
				CLANG_CXX_LIBRARY = "libc++";
				CLANG_ENABLE_MODULES = YES;
				CLANG_ENABLE_OBJC_ARC = YES;
				CLANG_ENABLE_OBJC_WEAK = YES;
				CLANG_WARN_BLOCK_CAPTURE_AUTORELEASING = YES;
				CLANG_WARN_BOOL_CONVERSION = YES;
				CLANG_WARN_COMMA = YES;
				CLANG_WARN_CONSTANT_CONVERSION = YES;
				CLANG_WARN_DEPRECATED_OBJC_IMPLEMENTATIONS = YES;
				CLANG_WARN_DIRECT_OBJC_ISA_USAGE = YES_ERROR;
				CLANG_WARN_DOCUMENTATION_COMMENTS = YES;
				CLANG_WARN_EMPTY_BODY = YES;
				CLANG_WARN_ENUM_CONVERSION = YES;
				CLANG_WARN_INFINITE_RECURSION = YES;
				CLANG_WARN_INT_CONVERSION = YES;
				CLANG_WARN_NON_LITERAL_NULL_CONVERSION = YES;
				CLANG_WARN_OBJC_IMPLICIT_RETAIN_SELF = YES;
				CLANG_WARN_OBJC_LITERAL_CONVERSION = YES;
				CLANG_WARN_OBJC_ROOT_CLASS = YES_ERROR;
				CLANG_WARN_RANGE_LOOP_ANALYSIS = YES;
				CLANG_WARN_STRICT_PROTOTYPES = YES;
				CLANG_WARN_SUSPICIOUS_MOVE = YES;
				CLANG_WARN_UNGUARDED_AVAILABILITY = YES_AGGRESSIVE;
				CLANG_WARN_UNREACHABLE_CODE = YES;
				CLANG_WARN__DUPLICATE_METHOD_MATCH = YES;
				CODE_SIGN_IDENTITY = "iPhone Developer";
				COPY_PHASE_STRIP = NO;
				DEBUG_INFORMATION_FORMAT = "dwarf-with-dsym";
				ENABLE_NS_ASSERTIONS = NO;
				ENABLE_STRICT_OBJC_MSGSEND = YES;
				GCC_C_LANGUAGE_STANDARD = gnu11;
				GCC_NO_COMMON_BLOCKS = YES;
				GCC_WARN_64_TO_32_BIT_CONVERSION = YES;
				GCC_WARN_ABOUT_RETURN_TYPE = YES_ERROR;
				GCC_WARN_UNDECLARED_SELECTOR = YES;
				GCC_WARN_UNINITIALIZED_AUTOS = YES_AGGRESSIVE;
				GCC_WARN_UNUSED_FUNCTION = YES;
				GCC_WARN_UNUSED_VARIABLE = YES;
				IPHONEOS_DEPLOYMENT_TARGET = 12.1;
				MTL_ENABLE_DEBUG_INFO = NO;
				MTL_FAST_MATH = YES;
				SDKROOT = iphoneos;
				SWIFT_COMPILATION_MODE = wholemodule;
				SWIFT_OPTIMIZATION_LEVEL = "-O";
				VALIDATE_PRODUCT = YES;
			};
			name = Release;
		};
		739CD03623D3D0D9006ECA28 /* Debug */ = {
			isa = XCBuildConfiguration;
			buildSettings = {
				ASSETCATALOG_COMPILER_APPICON_NAME = AppIcon;
				CODE_SIGN_STYLE = Automatic;
				DEVELOPMENT_TEAM = 24QZH97U6U;
				INFOPLIST_FILE = "RecipeBookApp-FLAVOUR/Info.plist";
				LD_RUNPATH_SEARCH_PATHS = (
					"$(inherited)",
					"@executable_path/Frameworks",
				);
				PRODUCT_BUNDLE_IDENTIFIER = "com.mohammed.RecipeBookApp-FLAVOUR";
				PRODUCT_NAME = "$(TARGET_NAME)";
				SWIFT_VERSION = 4.2;
				TARGETED_DEVICE_FAMILY = "1,2";
			};
			name = Debug;
		};
		739CD03723D3D0D9006ECA28 /* Release */ = {
			isa = XCBuildConfiguration;
			buildSettings = {
				ASSETCATALOG_COMPILER_APPICON_NAME = AppIcon;
				CODE_SIGN_STYLE = Automatic;
				DEVELOPMENT_TEAM = 24QZH97U6U;
				INFOPLIST_FILE = "RecipeBookApp-FLAVOUR/Info.plist";
				LD_RUNPATH_SEARCH_PATHS = (
					"$(inherited)",
					"@executable_path/Frameworks",
				);
				PRODUCT_BUNDLE_IDENTIFIER = "com.mohammed.RecipeBookApp-FLAVOUR";
				PRODUCT_NAME = "$(TARGET_NAME)";
				SWIFT_VERSION = 4.2;
				TARGETED_DEVICE_FAMILY = "1,2";
			};
			name = Release;
		};
/* End XCBuildConfiguration section */

/* Begin XCConfigurationList section */
		739CD01E23D3D0D8006ECA28 /* Build configuration list for PBXProject "RecipeBookApp-FLAVOUR" */ = {
			isa = XCConfigurationList;
			buildConfigurations = (
				739CD03323D3D0D9006ECA28 /* Debug */,
				739CD03423D3D0D9006ECA28 /* Release */,
			);
			defaultConfigurationIsVisible = 0;
			defaultConfigurationName = Release;
		};
		739CD03523D3D0D9006ECA28 /* Build configuration list for PBXNativeTarget "RecipeBookApp-FLAVOUR" */ = {
			isa = XCConfigurationList;
			buildConfigurations = (
				739CD03623D3D0D9006ECA28 /* Debug */,
				739CD03723D3D0D9006ECA28 /* Release */,
			);
			defaultConfigurationIsVisible = 0;
			defaultConfigurationName = Release;
		};
/* End XCConfigurationList section */
	};
	rootObject = 739CD01B23D3D0D8006ECA28 /* Project object */;
}
